{
    "_meta": {
        "hash": {
            "sha256": "780a7c82ab2fe9f22f4986a73d0b16dbd31e290f49af583e103dafb6c51d37e5"
        },
        "pipfile-spec": 6,
        "requires": {
            "python_version": "3.5"
        },
        "sources": [
            {
                "name": "pypi",
                "url": "https://pypi.org/simple",
                "verify_ssl": true
            }
        ]
    },
    "default": {
        "cycler": {
            "hashes": [
                "sha256:1d8a5ae1ff6c5cf9b93e8811e581232ad8920aeec647c37316ceac982b08cb2d",
                "sha256:cd7b2d1018258d7247a71425e9f26463dfb444d411c39569972f4ce586b0c9d8"
            ],
            "version": "==0.10.0"
        },
        "decorator": {
            "hashes": [
                "sha256:41fa54c2a0cc4ba648be4fd43cff00aedf5b9465c9bf18d64325bc225f08f760",
                "sha256:e3a62f0520172440ca0dcc823749319382e377f37f140a0b99ef45fecb84bfe7"
            ],
            "version": "==4.4.2"
        },
        "ijson": {
            "hashes": [
                "sha256:07914635e7f79cdf0c96498d0e5c47e52da0ee33d611f20cf54edceb63b6214c",
                "sha256:16a07cdfdebec91427786e0462084b791651737589fb38762b540ae20410aaf7",
                "sha256:1c512b119cee027b1661b1ba0a75bd7e0b211544253a5cadd735574ec61633a6",
                "sha256:1df70feac9a70c8d7691a3043e3b3247583c8cedf4036cf41ffaedcfd5782474",
                "sha256:25dd3b7645855724bda5f72af1db04f44f936eaaf2100732b6c0f74c1a6beff1",
                "sha256:26760ef9f86e8153b1a333be2a201fa6b7d93ce48b8ae957955d7aa1bfeebe9f",
                "sha256:27074150dc33ccd091c78efbe08d42a66a5f71974715b28c56beaa2dc6649236",
                "sha256:2746a36a96d379ee771340c50949b7a306c45385d7f69ad9ada48a0b27e9ccfd",
                "sha256:298b2e21e11e816b61a7b455fdafd83768ddf22271c4d3dc660752da6fd04240",
                "sha256:2b60d77b6ed9c93df7e632bd739ed63bac319546d9aecba80f06377d965e6346",
                "sha256:2d56b0db8cd3f695a1e5725415d366b619cfb7b91add0abe1f46fb7a1bf546e4",
                "sha256:302d685a8d83273796dac800f2c891707579e8ec9cf6a4596dc0aced8f6e1b42",
                "sha256:35ceb7ada36d674ca6f273e7bef3eeb724523e186461fc147a0ae485a9ddc251",
                "sha256:370015a9b21b1f454bb4340155bd0184338e25d73244da66e7f28b7a701ca979",
                "sha256:37cff5f16af2f695ae8c65ff69ba31ec51fa461e667f04eca6d1747bac11bbaa",
                "sha256:401bdca19bcc7f89780e37d7b70671d40666999dac3e4b2c42a7cddd8b0891c7",
                "sha256:4d104c5826c5acba406608d29bd784c5c2e2bf2ae583aa46d7ae814d294c5210",
                "sha256:4ec8aa0e6db0b33092f8dafeaad7f7e96dd5b026deea10fb3ddd1afc1b1fca6b",
                "sha256:572c0f2ffa241fac335b0727fab60069f08067c8c31960f9be06ac572a5dc4a4",
                "sha256:58f58af9e66a78a1b9adef15711c3e8f87499dcccfc96af21105eac7ef45a472",
                "sha256:58ffccafafd1ba51bb9097faa280d7e649bbccf2fcf943f4d331df48d3064198",
                "sha256:5949e8abd5942650b23facdf85623c0e15ee37f5c3b25d9c713bbc18c5732b78",
                "sha256:5acde52555961a3b322de5c075d9adb153b848f55d5e0c91574febb39c531aa9",
                "sha256:6baca5712c346d592907b0fc5802cdf177e0d450233a93a0fe43a6d9e12b1298",
                "sha256:6d6c0270a27f263649f738c8e686e609332feb717d3c55d772292718ebca5ac7",
                "sha256:6ea3e83620b6dd3b5640e2f0b8bf08ce49bad4828957aa1183fc5a9af4695489",
                "sha256:70d16c9b6867ac991308dbadc6dbd8b64c1a2907a60daccf0a88f487f875576b",
                "sha256:7517297002c6794c7f3dd60ddb985de064a0742801adb16f3dbc73f46a858a91",
                "sha256:77edcc690c26a62dfd94bd38a7da49969507f0e9a3501a6bbb7d91c3c085edbd",
                "sha256:7bb7cafed5b84cbfd0324bfa3388afa2c565de35e98802b7ee411489c1cd1f4e",
                "sha256:7d1e5fcd94abb8f5a6383248298808420fcd469703432795758c056e49451874",
                "sha256:801c36a7c22d465cb84f23bcdfa9d45c996cc3374af8e1d6cf82b75cc5088546",
                "sha256:85eaca4a401803809fa14a61e5eeb4d160f66d42bca03e4ad18c59f72ee9f15d",
                "sha256:87202b1a0f31e98e9f42ffabf506c1821bbe37542a533ae0c0332b94293b1ff2",
                "sha256:88b6925dfdac1d01c27bee3786342bd297ecc9ab45616bf41117c6012eca68ee",
                "sha256:8d6379df600480c9dcdf53b2f7237bd34ab0b82aee0ec06fcf6e479b87d1cc88",
                "sha256:9091dbe033af0fa9496528050aafd9bb2f98de5b3b9bf0070fef52ed5742eaf2",
                "sha256:93fe0b5048fab8bbf568edf6f8143370848c10251d09329d10b25e7f4a30c947",
                "sha256:9801088ee7989dab99afe5a541fe320588e7bf03d7c508a2b25bef1588d968f1",
                "sha256:987aff48bc40b661229aa67f42c9e8484e633e31dff04cc89888b473f361e5b8",
                "sha256:a1f52b5fc3a0d9ec7afb1f71554a75a02977811548be3bfe3a3e78122b09f3a7",
                "sha256:b661fe2adb5e857e85bb98e06cc963dcff1c5b29a7f2419abeb77d92f0c6406c",
                "sha256:be1f5462722cedf1460c73e0bba7df2b69b31f02dbb3fa833657e7f3afde612f",
                "sha256:c18cfdbbcc970d58aa7354498fa8a0dbd8d625e5c81811ec02c37b76a46dfdc4",
                "sha256:c6f0df110c7a5db95bc578598387b41d6dbe285544d4a5bf69276a9012615b79",
                "sha256:d096e79e9fd55a233e906c6c4a29806619e5e2534230ddaba8dbe6e89cde4121",
                "sha256:d7399e05ce6c967ea106b62d50babcafbb23e1ba3d6646b37a3867ab2551f0a5",
                "sha256:ddeb8b4dfdec6878d0010914eed80e9d2441b30d5898cf83bee3eda5351c84b3",
                "sha256:e0e0e9cd00c960a5944167c18f15b06981786492fc4f66a9d3c305a0f530d51a",
                "sha256:e732698fd853cc7b81ab27eab3ef0a68662a5798b690a17d59a585d953992164",
                "sha256:e7e04ff5c89708719d01998bd82b6d2964f6274e010a26c849d1e1ffdc61fae8",
                "sha256:e8e89e6515f91a6dba22b7189ee6c2e42c9bf133ef39c60d069fde24bd91d7b1",
                "sha256:f77cbda683055890765d2a3491fb59ad4d23b15b7e5ec14fbbfb8116dc05f1c8"
            ],
            "index": "pypi",
            "version": "==3.1.2"
        },
        "importlib-metadata": {
            "hashes": [
                "sha256:77a540690e24b0305878c37ffd421785a6f7e53c8b5720d211b211de8d0e95da",
                "sha256:cefa1a2f919b866c5beb7c9f7b0ebb4061f30a8a9bf16d609b000e2dfaceb9c3"
            ],
            "markers": "python_version >= '2.7' and python_version not in '3.0, 3.1, 3.2, 3.3, 3.4'",
            "version": "==2.0.0"
        },
        "jsonpickle": {
            "hashes": [
                "sha256:8919c166bac0574e3d74425c7559434062002d9dfc0ac2afa6dc746ba4a19439",
                "sha256:e8d4b7cd0bd6826001a74377df1079a76ad8bae0f909282de2554164c837c8ba"
            ],
            "index": "pypi",
            "version": "==1.4.1"
        },
        "kiwisolver": {
            "hashes": [
                "sha256:05b5b061e09f60f56244adc885c4a7867da25ca387376b02c1efc29cc16bcd0f",
                "sha256:210d8c39d01758d76c2b9a693567e1657ec661229bc32eac30761fa79b2474b0",
                "sha256:26f4fbd6f5e1dabff70a9ba0d2c4bd30761086454aa30dddc5b52764ee4852b7",
                "sha256:3b15d56a9cd40c52d7ab763ff0bc700edbb4e1a298dc43715ecccd605002cf11",
                "sha256:3b2378ad387f49cbb328205bda569b9f87288d6bc1bf4cd683c34523a2341efe",
                "sha256:400599c0fe58d21522cae0e8b22318e09d9729451b17ee61ba8e1e7c0346565c",
                "sha256:47b8cb81a7d18dbaf4fed6a61c3cecdb5adec7b4ac292bddb0d016d57e8507d5",
                "sha256:53eaed412477c836e1b9522c19858a8557d6e595077830146182225613b11a75",
                "sha256:58e626e1f7dfbb620d08d457325a4cdac65d1809680009f46bf41eaf74ad0187",
                "sha256:5a52e1b006bfa5be04fe4debbcdd2688432a9af4b207a3f429c74ad625022641",
                "sha256:5c7ca4e449ac9f99b3b9d4693debb1d6d237d1542dd6a56b3305fe8a9620f883",
                "sha256:682e54f0ce8f45981878756d7203fd01e188cc6c8b2c5e2cf03675390b4534d5",
                "sha256:76275ee077772c8dde04fb6c5bc24b91af1bb3e7f4816fd1852f1495a64dad93",
                "sha256:79bfb2f0bd7cbf9ea256612c9523367e5ec51d7cd616ae20ca2c90f575d839a2",
                "sha256:7f4dd50874177d2bb060d74769210f3bce1af87a8c7cf5b37d032ebf94f0aca3",
                "sha256:8944a16020c07b682df861207b7e0efcd2f46c7488619cb55f65882279119389",
                "sha256:8aa7009437640beb2768bfd06da049bad0df85f47ff18426261acecd1cf00897",
                "sha256:9105ce82dcc32c73eb53a04c869b6a4bc756b43e4385f76ea7943e827f529e4d",
                "sha256:933df612c453928f1c6faa9236161a1d999a26cd40abf1dc5d7ebbc6dbfb8fca",
                "sha256:939f36f21a8c571686eb491acfffa9c7f1ac345087281b412d63ea39ca14ec4a",
                "sha256:9491578147849b93e70d7c1d23cb1229458f71fc79c51d52dce0809b2ca44eea",
                "sha256:9733b7f64bd9f807832d673355f79703f81f0b3e52bfce420fc00d8cb28c6a6c",
                "sha256:a02f6c3e229d0b7220bd74600e9351e18bc0c361b05f29adae0d10599ae0e326",
                "sha256:a0c0a9f06872330d0dd31b45607197caab3c22777600e88031bfe66799e70bb0",
                "sha256:aa716b9122307c50686356cfb47bfbc66541868078d0c801341df31dca1232a9",
                "sha256:acc4df99308111585121db217681f1ce0eecb48d3a828a2f9bbf9773f4937e9e",
                "sha256:b64916959e4ae0ac78af7c3e8cef4becee0c0e9694ad477b4c6b3a536de6a544",
                "sha256:d22702cadb86b6fcba0e6b907d9f84a312db9cd6934ee728144ce3018e715ee1",
                "sha256:d3fcf0819dc3fea58be1fd1ca390851bdb719a549850e708ed858503ff25d995",
                "sha256:d52e3b1868a4e8fd18b5cb15055c76820df514e26aa84cc02f593d99fef6707f",
                "sha256:db1a5d3cc4ae943d674718d6c47d2d82488ddd94b93b9e12d24aabdbfe48caee",
                "sha256:e3a21a720791712ed721c7b95d433e036134de6f18c77dbe96119eaf7aa08004",
                "sha256:e8bf074363ce2babeb4764d94f8e65efd22e6a7c74860a4f05a6947afc020ff2",
                "sha256:f16814a4a96dc04bf1da7d53ee8d5b1d6decfc1a92a63349bb15d37b6a263dd9",
                "sha256:f2b22153870ca5cf2ab9c940d7bc38e8e9089fa0f7e5856ea195e1cf4ff43d5a",
                "sha256:f790f8b3dff3d53453de6a7b7ddd173d2e020fb160baff578d578065b108a05f",
                "sha256:fe51b79da0062f8e9d49ed0182a626a7dc7a0cbca0328f612c6ee5e4711c81e4"
            ],
            "markers": "python_version >= '2.7' and python_version not in '3.0, 3.1, 3.2, 3.3'",
            "version": "==1.1.0"
        },
        "matplotlib": {
            "hashes": [
                "sha256:1ae6549976b6ceb6ee426272a28c0fc9715b3e3669694d560c8f661c5b39e2c5",
                "sha256:4d4250bf508dd07cca3b43888097f873cadb66eec6ac63dbbfb798798ec07af2",
                "sha256:53af2e01d7f1700ed2b64a9091bc865360c9c4032f625451c4589a826854c787",
                "sha256:63e498067d32d627111cd1162cae1621f1221f9d4c6a9745dd7233f29de581b6",
                "sha256:7169a34971e398dd58e87e173f97366fd88a3fa80852704530433eb224a8ca57",
                "sha256:91c54d6bb9eeaaff965656c5ea6cbdcbf780bad8462ac99b30b451548194746f",
                "sha256:aeef177647bb3fccfe09065481989d7dfc5ac59e9367d6a00a3481062cf651e4",
                "sha256:cf8ae10559a78aee0409ede1e9d4fda03895433eeafe609dd9ed67e45f552db0",
                "sha256:d51d0889d1c4d51c51a9822265c0494ea3e70a52bdd88358e0863daca46fa23a",
                "sha256:de5ccd3500247f85fe4f9fad90f80a8bd397e4f110a4c33fabf95f07403e8372",
                "sha256:e1d33589e32f482d0a7d1957bf473d43341115d40d33f578dad44432e47df7b7",
                "sha256:e8d1939262aa6b36d0c51f50a50a43a04b9618d20db31e6c0192b1463067aeef",
                "sha256:e918d51b1fda82a65fdf52d2f3914b2246481cc2a9cd10e223e6be6078916ff3"
            ],
            "index": "pypi",
            "version": "==3.0.3"
        },
        "networkx": {
            "hashes": [
                "sha256:cdfbf698749a5014bf2ed9db4a07a5295df1d3a53bf80bf3cbd61edf9df05fa1",
                "sha256:f8f4ff0b6f96e4f9b16af6b84622597b5334bf9cae8cf9b2e42e7985d5c95c64"
            ],
            "index": "pypi",
            "version": "==2.4"
        },
        "numpy": {
            "hashes": [
                "sha256:0172304e7d8d40e9e49553901903dc5f5a49a703363ed756796f5808a06fc233",
                "sha256:34e96e9dae65c4839bd80012023aadd6ee2ccb73ce7fdf3074c62f301e63120b",
                "sha256:3676abe3d621fc467c4c1469ee11e395c82b2d6b5463a9454e37fe9da07cd0d7",
                "sha256:3dd6823d3e04b5f223e3e265b4a1eae15f104f4366edd409e5a5e413a98f911f",
                "sha256:4064f53d4cce69e9ac613256dc2162e56f20a4e2d2086b1956dd2fcf77b7fac5",
                "sha256:4674f7d27a6c1c52a4d1aa5f0881f1eff840d2206989bae6acb1c7668c02ebfb",
                "sha256:7d42ab8cedd175b5ebcb39b5208b25ba104842489ed59fbb29356f671ac93583",
                "sha256:965df25449305092b23d5145b9bdaeb0149b6e41a77a7d728b1644b3c99277c1",
                "sha256:9c9d6531bc1886454f44aa8f809268bc481295cf9740827254f53c30104f074a",
                "sha256:a78e438db8ec26d5d9d0e584b27ef25c7afa5a182d1bf4d05e313d2d6d515271",
                "sha256:a7acefddf994af1aeba05bbbafe4ba983a187079f125146dc5859e6d817df824",
                "sha256:a87f59508c2b7ceb8631c20630118cc546f1f815e034193dc72390db038a5cb3",
                "sha256:ac792b385d81151bae2a5a8adb2b88261ceb4976dbfaaad9ce3a200e036753dc",
                "sha256:b03b2c0badeb606d1232e5f78852c102c0a7989d3a534b3129e7856a52f3d161",
                "sha256:b39321f1a74d1f9183bf1638a745b4fd6fe80efbb1f6b32b932a588b4bc7695f",
                "sha256:cae14a01a159b1ed91a324722d746523ec757357260c6804d11d6147a9e53e3f",
                "sha256:cd49930af1d1e49a812d987c2620ee63965b619257bd76eaaa95870ca08837cf",
                "sha256:e15b382603c58f24265c9c931c9a45eebf44fe2e6b4eaedbb0d025ab3255228b",
                "sha256:e91d31b34fc7c2c8f756b4e902f901f856ae53a93399368d9a0dc7be17ed2ca0",
                "sha256:ef627986941b5edd1ed74ba89ca43196ed197f1a206a3f18cc9faf2fb84fd675",
                "sha256:f718a7949d1c4f622ff548c572e0c03440b49b9531ff00e4ed5738b459f011e8"
            ],
            "markers": "python_version >= '3.5'",
            "version": "==1.18.5"
        },
        "pyparsing": {
            "hashes": [
                "sha256:c203ec8783bf771a155b207279b9bccb8dea02d8f0c9e5f8ead507bc3246ecc1",
                "sha256:ef9d7589ef3c200abe66653d3f1ab1033c3c419ae9b9bdb1240a85b024efc88b"
            ],
            "markers": "python_version >= '2.6' and python_version not in '3.0, 3.1, 3.2'",
            "version": "==2.4.7"
        },
        "python-dateutil": {
            "hashes": [
                "sha256:73ebfe9dbf22e832286dafa60473e4cd239f8592f699aa5adaf10050e6e1823c",
                "sha256:75bb3f31ea686f1197762692a9ee6a7550b59fc6ca3a1f4b5d7e32fb98e2da2a"
            ],
            "markers": "python_version >= '2.7' and python_version not in '3.0, 3.1, 3.2'",
            "version": "==2.8.1"
        },
        "six": {
            "hashes": [
                "sha256:30639c035cdb23534cd4aa2dd52c3bf48f06e5f4a941509c8bafd8ce11080259",
                "sha256:8b74bedcbbbaca38ff6d7491d76f2b06b3592611af620f8426e82dddb04a5ced"
            ],
            "markers": "python_version >= '2.7' and python_version not in '3.0, 3.1, 3.2'",
            "version": "==1.15.0"
        },
        "zipp": {
            "hashes": [
                "sha256:c70410551488251b0fee67b460fb9a536af8d6f9f008ad10ac51f615b6a521b1",
                "sha256:e0d9e63797e483a30d27e09fffd308c59a700d365ec34e93cc100844168bf921"
            ],
            "markers": "python_version >= '2.7'",
            "version": "==1.2.0"
        }
    },
    "develop": {}
}
